
Microsoft Visual Studio Solution File, Format Version 12.00
# Visual Studio Version 17
VisualStudioVersion = 17.0.31903.59
MinimumVisualStudioVersion = 10.0.40219.1
Project("{2150E333-8FDC-42A3-9474-1A3956D46DE8}") = "src", "src", "{2FF15437-1388-405C-AF46-24AAB971CC55}"
EndProject
Project("{2150E333-8FDC-42A3-9474-1A3956D46DE8}") = "Domain", "Domain", "{56A14E3A-14BA-45A1-9265-19686D19C00A}"
EndProject
Project("{FAE04EC0-301F-11D3-BF4B-00C04F79EFBC}") = "MultiTenantEshopDemo.Domain.Products", "src\Domain\MultiTenantEshopDemo.Domain.Products\MultiTenantEshopDemo.Domain.Products.csproj", "{DAF0E157-59E6-49F1-A6D5-79776D6F2D5C}"
EndProject
Project("{2150E333-8FDC-42A3-9474-1A3956D46DE8}") = "Services", "Services", "{2BDE7CE0-845E-47EF-9D86-7369D064CA73}"
EndProject
Project("{FAE04EC0-301F-11D3-BF4B-00C04F79EFBC}") = "MultiTenantEshopDemo.Service.Products", "src\Services\MultiTenantEshopDemo.Service.Products\MultiTenantEshopDemo.Service.Products.csproj", "{6BDD1627-5E43-4960-90F1-8AE80289A126}"
EndProject
Global
	GlobalSection(SolutionConfigurationPlatforms) = preSolution
		Debug|Any CPU = Debug|Any CPU
		Release|Any CPU = Release|Any CPU
	EndGlobalSection
	GlobalSection(SolutionProperties) = preSolution
		HideSolutionNode = FALSE
	EndGlobalSection
	GlobalSection(ProjectConfigurationPlatforms) = postSolution
		{DAF0E157-59E6-49F1-A6D5-79776D6F2D5C}.Debug|Any CPU.ActiveCfg = Debug|Any CPU
		{DAF0E157-59E6-49F1-A6D5-79776D6F2D5C}.Debug|Any CPU.Build.0 = Debug|Any CPU
		{DAF0E157-59E6-49F1-A6D5-79776D6F2D5C}.Release|Any CPU.ActiveCfg = Release|Any CPU
		{DAF0E157-59E6-49F1-A6D5-79776D6F2D5C}.Release|Any CPU.Build.0 = Release|Any CPU
		{6BDD1627-5E43-4960-90F1-8AE80289A126}.Debug|Any CPU.ActiveCfg = Debug|Any CPU
		{6BDD1627-5E43-4960-90F1-8AE80289A126}.Debug|Any CPU.Build.0 = Debug|Any CPU
		{6BDD1627-5E43-4960-90F1-8AE80289A126}.Release|Any CPU.ActiveCfg = Release|Any CPU
		{6BDD1627-5E43-4960-90F1-8AE80289A126}.Release|Any CPU.Build.0 = Release|Any CPU
	EndGlobalSection
	GlobalSection(NestedProjects) = preSolution
		{56A14E3A-14BA-45A1-9265-19686D19C00A} = {2FF15437-1388-405C-AF46-24AAB971CC55}
		{DAF0E157-59E6-49F1-A6D5-79776D6F2D5C} = {56A14E3A-14BA-45A1-9265-19686D19C00A}
		{2BDE7CE0-845E-47EF-9D86-7369D064CA73} = {2FF15437-1388-405C-AF46-24AAB971CC55}
		{6BDD1627-5E43-4960-90F1-8AE80289A126} = {2BDE7CE0-845E-47EF-9D86-7369D064CA73}
	EndGlobalSection
EndGlobal
